
Microsoft Visual Studio Solution File, Format Version 12.00
# Visual Studio Version 17
VisualStudioVersion = 17.5.33530.505
MinimumVisualStudioVersion = 10.0.40219.1
Project("{8BC9CEB8-8B4A-11D0-8D11-00A0C91BC942}") = "mathext", "mathext\mathext.vcxproj", "{061FF178-B72A-4924-897F-593005B4814A}"
EndProject
Project("{8BC9CEB8-8B4A-11D0-8D11-00A0C91BC942}") = "test", "test\test.vcxproj", "{EF08FE79-4622-409B-AC65-2A0E93DF8486}"
EndProject
Global
	GlobalSection(SolutionConfigurationPlatforms) = preSolution
		Debug|x64 = Debug|x64
		Debug|x86 = Debug|x86
		Release|x64 = Release|x64
		Release|x86 = Release|x86
	EndGlobalSection
	GlobalSection(ProjectConfigurationPlatforms) = postSolution
		{061FF178-B72A-4924-897F-593005B4814A}.Debug|x64.ActiveCfg = Debug|x64
		{061FF178-B72A-4924-897F-593005B4814A}.Debug|x64.Build.0 = Debug|x64
		{061FF178-B72A-4924-897F-593005B4814A}.Debug|x86.ActiveCfg = Debug|Win32
		{061FF178-B72A-4924-897F-593005B4814A}.Debug|x86.Build.0 = Debug|Win32
		{061FF178-B72A-4924-897F-593005B4814A}.Release|x64.ActiveCfg = Release|x64
		{061FF178-B72A-4924-897F-593005B4814A}.Release|x64.Build.0 = Release|x64
		{061FF178-B72A-4924-897F-593005B4814A}.Release|x86.ActiveCfg = Release|Win32
		{061FF178-B72A-4924-897F-593005B4814A}.Release|x86.Build.0 = Release|Win32
		{EF08FE79-4622-409B-AC65-2A0E93DF8486}.Debug|x64.ActiveCfg = Debug|x64
		{EF08FE79-4622-409B-AC65-2A0E93DF8486}.Debug|x64.Build.0 = Debug|x64
		{EF08FE79-4622-409B-AC65-2A0E93DF8486}.Debug|x86.ActiveCfg = Debug|Win32
		{EF08FE79-4622-409B-AC65-2A0E93DF8486}.Debug|x86.Build.0 = Debug|Win32
		{EF08FE79-4622-409B-AC65-2A0E93DF8486}.Release|x64.ActiveCfg = Release|x64
		{EF08FE79-4622-409B-AC65-2A0E93DF8486}.Release|x64.Build.0 = Release|x64
		{EF08FE79-4622-409B-AC65-2A0E93DF8486}.Release|x86.ActiveCfg = Release|Win32
		{EF08FE79-4622-409B-AC65-2A0E93DF8486}.Release|x86.Build.0 = Release|Win32
	EndGlobalSection
	GlobalSection(SolutionProperties) = preSolution
		HideSolutionNode = FALSE
	EndGlobalSection
	GlobalSection(ExtensibilityGlobals) = postSolution
		SolutionGuid = {F489FA3A-B13B-4CAF-A0ED-35A3AF034C71}
	EndGlobalSection
EndGlobal
